// !$*UTF8*$!
{
	archiveVersion = 1;
	classes = {
	};
	objectVersion = 77;
	objects = {

/* Begin PBXBuildFile section */
		3E2735B267295FAD8991415C /* SmokeTests.swift in Sources */ = {isa = PBXBuildFile; fileRef = 11AAD71B1A479FB20A845D2B /* SmokeTests.swift */; };
		9E82C0804AED63458F0CC69C /* CountbookApp.swift in Sources */ = {isa = PBXBuildFile; fileRef = C06BDFA6EF91E62E757010C2 /* CountbookApp.swift */; };
		ACCCB2221DF52028F1E42924 /* Assets.xcassets in Resources */ = {isa = PBXBuildFile; fileRef = 40229A2F49DB5B0C288F3E84 /* Assets.xcassets */; };
/* End PBXBuildFile section */

/* Begin PBXContainerItemProxy section */
		846DE2E4A65CF0EDFD515A34 /* PBXContainerItemProxy */ = {
			isa = PBXContainerItemProxy;
			containerPortal = B9E3B385E5BFC02A023C5360 /* Project object */;
			proxyType = 1;
			remoteGlobalIDString = F05C0947E2C9304BB9FC03AD;
			remoteInfo = Countbook;
		};
/* End PBXContainerItemProxy section */

/* Begin PBXFileReference section */
		11AAD71B1A479FB20A845D2B /* SmokeTests.swift */ = {isa = PBXFileReference; lastKnownFileType = sourcecode.swift; path = SmokeTests.swift; sourceTree = "<group>"; };
		2645E5116EC6BBF85EF49245 /* CountbookTests.xctest */ = {isa = PBXFileReference; includeInIndex = 0; lastKnownFileType = wrapper.cfbundle; path = CountbookTests.xctest; sourceTree = BUILT_PRODUCTS_DIR; };
		40229A2F49DB5B0C288F3E84 /* Assets.xcassets */ = {isa = PBXFileReference; lastKnownFileType = folder.assetcatalog; path = Assets.xcassets; sourceTree = "<group>"; };
		9C713A09D7844A2056AD6AC9 /* Info.plist */ = {isa = PBXFileReference; lastKnownFileType = text.plist; path = Info.plist; sourceTree = "<group>"; };
		AB3B60F5E1AAACBDFB2627BC /* Countbook.app */ = {isa = PBXFileReference; includeInIndex = 0; lastKnownFileType = wrapper.application; path = Countbook.app; sourceTree = BUILT_PRODUCTS_DIR; };
		C06BDFA6EF91E62E757010C2 /* CountbookApp.swift */ = {isa = PBXFileReference; lastKnownFileType = sourcecode.swift; path = CountbookApp.swift; sourceTree = "<group>"; };
/* End PBXFileReference section */

/* Begin PBXGroup section */
		0FFE8E978FBEB506E619AE76 /* App */ = {
			isa = PBXGroup;
			children = (
				C06BDFA6EF91E62E757010C2 /* CountbookApp.swift */,
			);
			path = App;
			sourceTree = "<group>";
		};
		48307E9A711948514C1CE939 /* Countbook */ = {
			isa = PBXGroup;
			children = (
				0FFE8E978FBEB506E619AE76 /* App */,
				B604A53EFDAE475E9F73D6BF /* Resources */,
			);
			path = Countbook;
			sourceTree = "<group>";
		};
		872E8AB4C9F7B7A40AA2A567 /* CountbookTests */ = {
			isa = PBXGroup;
			children = (
				11AAD71B1A479FB20A845D2B /* SmokeTests.swift */,
			);
			path = CountbookTests;
			sourceTree = "<group>";
		};
		8BBA3F5D23B3CE556CAF9F88 = {
			isa = PBXGroup;
			children = (
				48307E9A711948514C1CE939 /* Countbook */,
				872E8AB4C9F7B7A40AA2A567 /* CountbookTests */,
				C336866203A88248009B2067 /* Products */,
			);
			sourceTree = "<group>";
		};
		B604A53EFDAE475E9F73D6BF /* Resources */ = {
			isa = PBXGroup;
			children = (
				40229A2F49DB5B0C288F3E84 /* Assets.xcassets */,
				9C713A09D7844A2056AD6AC9 /* Info.plist */,
			);
			path = Resources;
			sourceTree = "<group>";
		};
		C336866203A88248009B2067 /* Products */ = {
			isa = PBXGroup;
			children = (
				AB3B60F5E1AAACBDFB2627BC /* Countbook.app */,
				2645E5116EC6BBF85EF49245 /* CountbookTests.xctest */,
			);
			name = Products;
			sourceTree = "<group>";
		};
/* End PBXGroup section */

/* Begin PBXNativeTarget section */
		EDDF4AB7144BDBABB227268E /* CountbookTests */ = {
			isa = PBXNativeTarget;
			buildConfigurationList = 2EE5B74CCB8082081A20D5FB /* Build configuration list for PBXNativeTarget "CountbookTests" */;
			buildPhases = (
				21674ED98ED7375C8F8394C5 /* Sources */,
			);
			buildRules = (
			);
			dependencies = (
				2BCE9963F73B884F9108B313 /* PBXTargetDependency */,
			);
			name = CountbookTests;
			packageProductDependencies = (
			);
			productName = CountbookTests;
			productReference = 2645E5116EC6BBF85EF49245 /* CountbookTests.xctest */;
			productType = "com.apple.product-type.bundle.unit-test";
		};
		F05C0947E2C9304BB9FC03AD /* Countbook */ = {
			isa = PBXNativeTarget;
			buildConfigurationList = 130002F201A0F32AB76AFDC9 /* Build configuration list for PBXNativeTarget "Countbook" */;
			buildPhases = (
				E9A0055197C1298C17759662 /* Sources */,
				7B2B6E16C4A9C1A35C019DA1 /* Resources */,
			);
			buildRules = (
			);
			dependencies = (
			);
			name = Countbook;
			packageProductDependencies = (
			);
			productName = Countbook;
			productReference = AB3B60F5E1AAACBDFB2627BC /* Countbook.app */;
			productType = "com.apple.product-type.application";
		};
/* End PBXNativeTarget section */

/* Begin PBXProject section */
		B9E3B385E5BFC02A023C5360 /* Project object */ = {
			isa = PBXProject;
			attributes = {
				BuildIndependentTargetsInParallel = YES;
				LastUpgradeCheck = 1430;
				TargetAttributes = {
					EDDF4AB7144BDBABB227268E = {
						DevelopmentTeam = 493WT6Z4J4;
						ProvisioningStyle = Automatic;
					};
					F05C0947E2C9304BB9FC03AD = {
						DevelopmentTeam = 493WT6Z4J4;
						ProvisioningStyle = Automatic;
					};
				};
			};
			buildConfigurationList = F0FFC8D8B4479FF59CDA6C3F /* Build configuration list for PBXProject "Countbook" */;
			developmentRegion = en;
			hasScannedForEncodings = 0;
			knownRegions = (
				Base,
				en,
			);
			mainGroup = 8BBA3F5D23B3CE556CAF9F88;
			minimizedProjectReferenceProxies = 1;
			preferredProjectObjectVersion = 77;
			productRefGroup = C336866203A88248009B2067 /* Products */;
			projectDirPath = "";
			projectRoot = "";
			targets = (
				F05C0947E2C9304BB9FC03AD /* Countbook */,
				EDDF4AB7144BDBABB227268E /* CountbookTests */,
			);
		};
/* End PBXProject section */

/* Begin PBXResourcesBuildPhase section */
		7B2B6E16C4A9C1A35C019DA1 /* Resources */ = {
			isa = PBXResourcesBuildPhase;
			buildActionMask = 2147483647;
			files = (
				ACCCB2221DF52028F1E42924 /* Assets.xcassets in Resources */,
			);
			runOnlyForDeploymentPostprocessing = 0;
		};
/* End PBXResourcesBuildPhase section */

/* Begin PBXSourcesBuildPhase section */
		21674ED98ED7375C8F8394C5 /* Sources */ = {
			isa = PBXSourcesBuildPhase;
			buildActionMask = 2147483647;
			files = (
				3E2735B267295FAD8991415C /* SmokeTests.swift in Sources */,
			);
			runOnlyForDeploymentPostprocessing = 0;
		};
		E9A0055197C1298C17759662 /* Sources */ = {
			isa = PBXSourcesBuildPhase;
			buildActionMask = 2147483647;
			files = (
				9E82C0804AED63458F0CC69C /* CountbookApp.swift in Sources */,
			);
			runOnlyForDeploymentPostprocessing = 0;
		};
/* End PBXSourcesBuildPhase section */

/* Begin PBXTargetDependency section */
		2BCE9963F73B884F9108B313 /* PBXTargetDependency */ = {
			isa = PBXTargetDependency;
			target = F05C0947E2C9304BB9FC03AD /* Countbook */;
			targetProxy = 846DE2E4A65CF0EDFD515A34 /* PBXContainerItemProxy */;
		};
/* End PBXTargetDependency section */

/* Begin XCBuildConfiguration section */
		1FA3EFAE01ECB997CBA25746 /* Debug */ = {
			isa = XCBuildConfiguration;
			buildSettings = {
				BUNDLE_LOADER = "$(TEST_HOST)";
				GENERATE_INFOPLIST_FILE = YES;
				LD_RUNPATH_SEARCH_PATHS = (
					"$(inherited)",
					"@executable_path/Frameworks",
					"@loader_path/Frameworks",
				);
				PRODUCT_BUNDLE_IDENTIFIER = com.czy.countbook.tests;
				SDKROOT = iphoneos;
				TARGETED_DEVICE_FAMILY = "1,2";
				TEST_HOST = "$(BUILT_PRODUCTS_DIR)/Countbook.app/Countbook";
			};
			name = Debug;
		};
		6E7F7E9A977947A846AEF568 /* Release */ = {
			isa = XCBuildConfiguration;
			buildSettings = {
				BUNDLE_LOADER = "$(TEST_HOST)";
				GENERATE_INFOPLIST_FILE = YES;
				LD_RUNPATH_SEARCH_PATHS = (
					"$(inherited)",
					"@executable_path/Frameworks",
					"@loader_path/Frameworks",
				);
				PRODUCT_BUNDLE_IDENTIFIER = com.czy.countbook.tests;
				SDKROOT = iphoneos;
				TARGETED_DEVICE_FAMILY = "1,2";
				TEST_HOST = "$(BUILT_PRODUCTS_DIR)/Countbook.app/Countbook";
			};
			name = Release;
		};
		953980811C80ACC70B9A809B /* Release */ = {
			isa = XCBuildConfiguration;
			buildSettings = {
				ALWAYS_SEARCH_USER_PATHS = NO;
				CLANG_ANALYZER_NONNULL = YES;
				CLANG_ANALYZER_NUMBER_OBJECT_CONVERSION = YES_AGGRESSIVE;
				CLANG_CXX_LANGUAGE_STANDARD = "gnu++14";
				CLANG_CXX_LIBRARY = "libc++";
				CLANG_ENABLE_MODULES = YES;
				CLANG_ENABLE_OBJC_ARC = YES;
				CLANG_ENABLE_OBJC_WEAK = YES;
				CLANG_WARN_BLOCK_CAPTURE_AUTORELEASING = YES;
				CLANG_WARN_BOOL_CONVERSION = YES;
				CLANG_WARN_COMMA = YES;
				CLANG_WARN_CONSTANT_CONVERSION = YES;
				CLANG_WARN_DEPRECATED_OBJC_IMPLEMENTATIONS = YES;
				CLANG_WARN_DIRECT_OBJC_ISA_USAGE = YES_ERROR;
				CLANG_WARN_DOCUMENTATION_COMMENTS = YES;
				CLANG_WARN_EMPTY_BODY = YES;
				CLANG_WARN_ENUM_CONVERSION = YES;
				CLANG_WARN_INFINITE_RECURSION = YES;
				CLANG_WARN_INT_CONVERSION = YES;
				CLANG_WARN_NON_LITERAL_NULL_CONVERSION = YES;
				CLANG_WARN_OBJC_IMPLICIT_RETAIN_SELF = YES;
				CLANG_WARN_OBJC_LITERAL_CONVERSION = YES;
				CLANG_WARN_OBJC_ROOT_CLASS = YES_ERROR;
				CLANG_WARN_QUOTED_INCLUDE_IN_FRAMEWORK_HEADER = YES;
				CLANG_WARN_RANGE_LOOP_ANALYSIS = YES;
				CLANG_WARN_STRICT_PROTOTYPES = YES;
				CLANG_WARN_SUSPICIOUS_MOVE = YES;
				CLANG_WARN_UNGUARDED_AVAILABILITY = YES_AGGRESSIVE;
				CLANG_WARN_UNREACHABLE_CODE = YES;
				CLANG_WARN__DUPLICATE_METHOD_MATCH = YES;
				CODE_SIGN_STYLE = Automatic;
				COPY_PHASE_STRIP = NO;
				DEBUG_INFORMATION_FORMAT = "dwarf-with-dsym";
				DEVELOPMENT_TEAM = 493WT6Z4J4;
				ENABLE_NS_ASSERTIONS = NO;
				ENABLE_STRICT_OBJC_MSGSEND = YES;
				ENABLE_USER_SCRIPT_SANDBOXING = NO;
				GCC_C_LANGUAGE_STANDARD = gnu11;
				GCC_NO_COMMON_BLOCKS = YES;
				GCC_WARN_64_TO_32_BIT_CONVERSION = YES;
				GCC_WARN_ABOUT_RETURN_TYPE = YES_ERROR;
				GCC_WARN_UNDECLARED_SELECTOR = YES;
				GCC_WARN_UNINITIALIZED_AUTOS = YES_AGGRESSIVE;
				GCC_WARN_UNUSED_FUNCTION = YES;
				GCC_WARN_UNUSED_VARIABLE = YES;
				IPHONEOS_DEPLOYMENT_TARGET = 17.0;
				MTL_ENABLE_DEBUG_INFO = NO;
				MTL_FAST_MATH = YES;
				PRODUCT_NAME = "$(TARGET_NAME)";
				SDKROOT = iphoneos;
				SWIFT_COMPILATION_MODE = wholemodule;
				SWIFT_OPTIMIZATION_LEVEL = "-O";
				SWIFT_STRICT_CONCURRENCY = minimal;
				SWIFT_VERSION = 5.10;
			};
			name = Release;
		};
		A992EBECCF722030E349FA1D /* Release */ = {
			isa = XCBuildConfiguration;
			buildSettings = {
				ASSETCATALOG_COMPILER_APPICON_NAME = AppIcon;
				ASSETCATALOG_COMPILER_GLOBAL_ACCENT_COLOR_NAME = AccentColor;
				CODE_SIGN_IDENTITY = "iPhone Developer";
				CURRENT_PROJECT_VERSION = 1;
				ENABLE_PREVIEWS = YES;
				INFOPLIST_FILE = Countbook/Resources/Info.plist;
				LD_RUNPATH_SEARCH_PATHS = (
					"$(inherited)",
					"@executable_path/Frameworks",
				);
				MARKETING_VERSION = 1.0.0;
				PRODUCT_BUNDLE_IDENTIFIER = com.czy.countbook;
				PRODUCT_NAME = Countbook;
				SDKROOT = iphoneos;
				SUPPORTS_MACCATALYST = NO;
				SWIFT_EMIT_LOC_STRINGS = YES;
				TARGETED_DEVICE_FAMILY = "1,2";
			};
			name = Release;
		};
		DE4C0D60AEFBC41CD1B2BCFC /* Debug */ = {
			isa = XCBuildConfiguration;
			buildSettings = {
				ASSETCATALOG_COMPILER_APPICON_NAME = AppIcon;
				ASSETCATALOG_COMPILER_GLOBAL_ACCENT_COLOR_NAME = AccentColor;
				CODE_SIGN_IDENTITY = "iPhone Developer";
				CURRENT_PROJECT_VERSION = 1;
				ENABLE_PREVIEWS = YES;
				INFOPLIST_FILE = Countbook/Resources/Info.plist;
				LD_RUNPATH_SEARCH_PATHS = (
					"$(inherited)",
					"@executable_path/Frameworks",
				);
				MARKETING_VERSION = 1.0.0;
				PRODUCT_BUNDLE_IDENTIFIER = com.czy.countbook;
				PRODUCT_NAME = Countbook;
				SDKROOT = iphoneos;
				SUPPORTS_MACCATALYST = NO;
				SWIFT_EMIT_LOC_STRINGS = YES;
				TARGETED_DEVICE_FAMILY = "1,2";
			};
			name = Debug;
		};
		E6785E1986E2167241922D13 /* Debug */ = {
			isa = XCBuildConfiguration;
			buildSettings = {
				ALWAYS_SEARCH_USER_PATHS = NO;
				CLANG_ANALYZER_NONNULL = YES;
				CLANG_ANALYZER_NUMBER_OBJECT_CONVERSION = YES_AGGRESSIVE;
				CLANG_CXX_LANGUAGE_STANDARD = "gnu++14";
				CLANG_CXX_LIBRARY = "libc++";
				CLANG_ENABLE_MODULES = YES;
				CLANG_ENABLE_OBJC_ARC = YES;
				CLANG_ENABLE_OBJC_WEAK = YES;
				CLANG_WARN_BLOCK_CAPTURE_AUTORELEASING = YES;
				CLANG_WARN_BOOL_CONVERSION = YES;
				CLANG_WARN_COMMA = YES;
				CLANG_WARN_CONSTANT_CONVERSION = YES;
				CLANG_WARN_DEPRECATED_OBJC_IMPLEMENTATIONS = YES;
				CLANG_WARN_DIRECT_OBJC_ISA_USAGE = YES_ERROR;
				CLANG_WARN_DOCUMENTATION_COMMENTS = YES;
				CLANG_WARN_EMPTY_BODY = YES;
				CLANG_WARN_ENUM_CONVERSION = YES;
				CLANG_WARN_INFINITE_RECURSION = YES;
				CLANG_WARN_INT_CONVERSION = YES;
				CLANG_WARN_NON_LITERAL_NULL_CONVERSION = YES;
				CLANG_WARN_OBJC_IMPLICIT_RETAIN_SELF = YES;
				CLANG_WARN_OBJC_LITERAL_CONVERSION = YES;
				CLANG_WARN_OBJC_ROOT_CLASS = YES_ERROR;
				CLANG_WARN_QUOTED_INCLUDE_IN_FRAMEWORK_HEADER = YES;
				CLANG_WARN_RANGE_LOOP_ANALYSIS = YES;
				CLANG_WARN_STRICT_PROTOTYPES = YES;
				CLANG_WARN_SUSPICIOUS_MOVE = YES;
				CLANG_WARN_UNGUARDED_AVAILABILITY = YES_AGGRESSIVE;
				CLANG_WARN_UNREACHABLE_CODE = YES;
				CLANG_WARN__DUPLICATE_METHOD_MATCH = YES;
				CODE_SIGN_STYLE = Automatic;
				COPY_PHASE_STRIP = NO;
				DEBUG_INFORMATION_FORMAT = dwarf;
				DEVELOPMENT_TEAM = 493WT6Z4J4;
				ENABLE_STRICT_OBJC_MSGSEND = YES;
				ENABLE_TESTABILITY = YES;
				ENABLE_USER_SCRIPT_SANDBOXING = NO;
				GCC_C_LANGUAGE_STANDARD = gnu11;
				GCC_DYNAMIC_NO_PIC = NO;
				GCC_NO_COMMON_BLOCKS = YES;
				GCC_OPTIMIZATION_LEVEL = 0;
				GCC_PREPROCESSOR_DEFINITIONS = (
					"$(inherited)",
					"DEBUG=1",
				);
				GCC_WARN_64_TO_32_BIT_CONVERSION = YES;
				GCC_WARN_ABOUT_RETURN_TYPE = YES_ERROR;
				GCC_WARN_UNDECLARED_SELECTOR = YES;
				GCC_WARN_UNINITIALIZED_AUTOS = YES_AGGRESSIVE;
				GCC_WARN_UNUSED_FUNCTION = YES;
				GCC_WARN_UNUSED_VARIABLE = YES;
				IPHONEOS_DEPLOYMENT_TARGET = 17.0;
				MTL_ENABLE_DEBUG_INFO = INCLUDE_SOURCE;
				MTL_FAST_MATH = YES;
				ONLY_ACTIVE_ARCH = YES;
				PRODUCT_NAME = "$(TARGET_NAME)";
				SDKROOT = iphoneos;
				SWIFT_ACTIVE_COMPILATION_CONDITIONS = DEBUG;
				SWIFT_OPTIMIZATION_LEVEL = "-Onone";
				SWIFT_STRICT_CONCURRENCY = minimal;
				SWIFT_VERSION = 5.10;
			};
			name = Debug;
		};
/* End XCBuildConfiguration section */

/* Begin XCConfigurationList section */
		130002F201A0F32AB76AFDC9 /* Build configuration list for PBXNativeTarget "Countbook" */ = {
			isa = XCConfigurationList;
			buildConfigurations = (
				DE4C0D60AEFBC41CD1B2BCFC /* Debug */,
				A992EBECCF722030E349FA1D /* Release */,
			);
			defaultConfigurationIsVisible = 0;
			defaultConfigurationName = Debug;
		};
		2EE5B74CCB8082081A20D5FB /* Build configuration list for PBXNativeTarget "CountbookTests" */ = {
			isa = XCConfigurationList;
			buildConfigurations = (
				1FA3EFAE01ECB997CBA25746 /* Debug */,
				6E7F7E9A977947A846AEF568 /* Release */,
			);
			defaultConfigurationIsVisible = 0;
			defaultConfigurationName = Debug;
		};
		F0FFC8D8B4479FF59CDA6C3F /* Build configuration list for PBXProject "Countbook" */ = {
			isa = XCConfigurationList;
			buildConfigurations = (
				E6785E1986E2167241922D13 /* Debug */,
				953980811C80ACC70B9A809B /* Release */,
			);
			defaultConfigurationIsVisible = 0;
			defaultConfigurationName = Debug;
		};
/* End XCConfigurationList section */
	};
	rootObject = B9E3B385E5BFC02A023C5360 /* Project object */;
}
